<Solution>
  <Folder Name="/src/">
    <Project Path="src/AspNetCoreMvcTemplate.Emailing/AspNetCoreMvcTemplate.Emailing.csproj" />
    <Project Path="src/AspNetCoreMvcTemplate.Web/AspNetCoreMvcTemplate.Web.csproj" />
  </Folder>
  <Folder Name="/tests/">
    <Project Path="tests/AspNetCoreMvcTemplate.Emailing.Tests/AspNetCoreMvcTemplate.Emailing.Tests.csproj" />
    <Project Path="tests/AspNetCoreMvcTemplate.Web.Tests/AspNetCoreMvcTemplate.Web.Tests.csproj" />
  </Folder>
</Solution>
